
Microsoft Visual Studio Solution File, Format Version 12.00
# Visual Studio 15
VisualStudioVersion = 15.0.27406.0
MinimumVisualStudioVersion = 10.0.40219.1
Project("{8BC9CEB8-8B4A-11D0-8D11-00A0C91BC942}") = "TimecodeWriter", "TimecodeWriter\TimecodeWriter.vcxproj", "{F73C9828-4935-489D-A434-04FCEFE3278F}"
EndProject
Project("{8BC9CEB8-8B4A-11D0-8D11-00A0C91BC942}") = "TimecodeReader", "TimecodeReader\TimecodeReader.vcxproj", "{826FE284-FC12-4B2E-A255-11911A089627}"
EndProject
Global
	GlobalSection(SolutionConfigurationPlatforms) = preSolution
		Debug|x64 = Debug|x64
		Debug|x86 = Debug|x86
		Release|x64 = Release|x64
		Release|x86 = Release|x86
	EndGlobalSection
	GlobalSection(ProjectConfigurationPlatforms) = postSolution
		{F73C9828-4935-489D-A434-04FCEFE3278F}.Debug|x64.ActiveCfg = Debug|x64
		{F73C9828-4935-489D-A434-04FCEFE3278F}.Debug|x64.Build.0 = Debug|x64
		{F73C9828-4935-489D-A434-04FCEFE3278F}.Debug|x86.ActiveCfg = Debug|Win32
		{F73C9828-4935-489D-A434-04FCEFE3278F}.Debug|x86.Build.0 = Debug|Win32
		{F73C9828-4935-489D-A434-04FCEFE3278F}.Release|x64.ActiveCfg = Release|x64
		{F73C9828-4935-489D-A434-04FCEFE3278F}.Release|x64.Build.0 = Release|x64
		{F73C9828-4935-489D-A434-04FCEFE3278F}.Release|x86.ActiveCfg = Release|Win32
		{F73C9828-4935-489D-A434-04FCEFE3278F}.Release|x86.Build.0 = Release|Win32
		{826FE284-FC12-4B2E-A255-11911A089627}.Debug|x64.ActiveCfg = Debug|x64
		{826FE284-FC12-4B2E-A255-11911A089627}.Debug|x64.Build.0 = Debug|x64
		{826FE284-FC12-4B2E-A255-11911A089627}.Debug|x86.ActiveCfg = Debug|Win32
		{826FE284-FC12-4B2E-A255-11911A089627}.Debug|x86.Build.0 = Debug|Win32
		{826FE284-FC12-4B2E-A255-11911A089627}.Release|x64.ActiveCfg = Release|x64
		{826FE284-FC12-4B2E-A255-11911A089627}.Release|x64.Build.0 = Release|x64
		{826FE284-FC12-4B2E-A255-11911A089627}.Release|x86.ActiveCfg = Release|Win32
		{826FE284-FC12-4B2E-A255-11911A089627}.Release|x86.Build.0 = Release|Win32
	EndGlobalSection
	GlobalSection(SolutionProperties) = preSolution
		HideSolutionNode = FALSE
	EndGlobalSection
	GlobalSection(ExtensibilityGlobals) = postSolution
		SolutionGuid = {9EDBA8C1-EE59-41C1-B55A-0C523E90CBCA}
	EndGlobalSection
EndGlobal
